
Microsoft Visual Studio Solution File, Format Version 12.00
# Visual Studio Version 17
VisualStudioVersion = 17.4.33205.214
MinimumVisualStudioVersion = 10.0.40219.1
Project("{FAE04EC0-301F-11D3-BF4B-00C04F79EFBC}") = "usfm2osis", "usfm2osis.csproj", "{28ECAFD0-A1EB-4D10-89CB-553913B90F6E}"
EndProject
Global
	GlobalSection(SolutionConfigurationPlatforms) = preSolution
		Debug|Any CPU = Debug|Any CPU
		Release|Any CPU = Release|Any CPU
	EndGlobalSection
	GlobalSection(ProjectConfigurationPlatforms) = postSolution
		{28ECAFD0-A1EB-4D10-89CB-553913B90F6E}.Debug|Any CPU.ActiveCfg = Debug|Any CPU
		{28ECAFD0-A1EB-4D10-89CB-553913B90F6E}.Debug|Any CPU.Build.0 = Debug|Any CPU
		{28ECAFD0-A1EB-4D10-89CB-553913B90F6E}.Release|Any CPU.ActiveCfg = Release|Any CPU
		{28ECAFD0-A1EB-4D10-89CB-553913B90F6E}.Release|Any CPU.Build.0 = Release|Any CPU
	EndGlobalSection
	GlobalSection(SolutionProperties) = preSolution
		HideSolutionNode = FALSE
	EndGlobalSection
	GlobalSection(ExtensibilityGlobals) = postSolution
		SolutionGuid = {B19D7077-7CAF-40C1-A97A-6015A975CEEE}
	EndGlobalSection
EndGlobal
